
Microsoft Visual Studio Solution File, Format Version 12.00
Project("{FAE04EC0-301F-11D3-BF4B-00C04F79EFBC}") = "MusgoEngine.Native", "MusgoEngine.Native\MusgoEngine.Native.csproj", "{3A05A73A-FAFC-42C2-89CB-06EDB10199A8}"
EndProject
Project("{FAE04EC0-301F-11D3-BF4B-00C04F79EFBC}") = "MusgoEngine.Math", "MusgoEngine.Math\MusgoEngine.Math.csproj", "{9C8C17F7-785A-464E-A016-E1EA22DED66D}"
EndProject
Project("{FAE04EC0-301F-11D3-BF4B-00C04F79EFBC}") = "MusgoEngine", "MusgoEngine\MusgoEngine.csproj", "{6B0BEDF8-CC7C-4D04-9D93-4A804226CF6A}"
EndProject
Project("{FAE04EC0-301F-11D3-BF4B-00C04F79EFBC}") = "Test", "Test\Test.csproj", "{3B2D3547-45E5-4CF3-8BE6-BF48421535C6}"
EndProject
Global
	GlobalSection(SolutionConfigurationPlatforms) = preSolution
		Debug|Any CPU = Debug|Any CPU
		Release|Any CPU = Release|Any CPU
	EndGlobalSection
	GlobalSection(ProjectConfigurationPlatforms) = postSolution
		{3A05A73A-FAFC-42C2-89CB-06EDB10199A8}.Debug|Any CPU.ActiveCfg = Debug|Any CPU
		{3A05A73A-FAFC-42C2-89CB-06EDB10199A8}.Debug|Any CPU.Build.0 = Debug|Any CPU
		{3A05A73A-FAFC-42C2-89CB-06EDB10199A8}.Release|Any CPU.ActiveCfg = Release|Any CPU
		{3A05A73A-FAFC-42C2-89CB-06EDB10199A8}.Release|Any CPU.Build.0 = Release|Any CPU
		{9C8C17F7-785A-464E-A016-E1EA22DED66D}.Debug|Any CPU.ActiveCfg = Debug|Any CPU
		{9C8C17F7-785A-464E-A016-E1EA22DED66D}.Debug|Any CPU.Build.0 = Debug|Any CPU
		{9C8C17F7-785A-464E-A016-E1EA22DED66D}.Release|Any CPU.ActiveCfg = Release|Any CPU
		{9C8C17F7-785A-464E-A016-E1EA22DED66D}.Release|Any CPU.Build.0 = Release|Any CPU
		{6B0BEDF8-CC7C-4D04-9D93-4A804226CF6A}.Debug|Any CPU.ActiveCfg = Debug|Any CPU
		{6B0BEDF8-CC7C-4D04-9D93-4A804226CF6A}.Debug|Any CPU.Build.0 = Debug|Any CPU
		{6B0BEDF8-CC7C-4D04-9D93-4A804226CF6A}.Release|Any CPU.ActiveCfg = Release|Any CPU
		{6B0BEDF8-CC7C-4D04-9D93-4A804226CF6A}.Release|Any CPU.Build.0 = Release|Any CPU
		{3B2D3547-45E5-4CF3-8BE6-BF48421535C6}.Debug|Any CPU.ActiveCfg = Debug|Any CPU
		{3B2D3547-45E5-4CF3-8BE6-BF48421535C6}.Debug|Any CPU.Build.0 = Debug|Any CPU
		{3B2D3547-45E5-4CF3-8BE6-BF48421535C6}.Release|Any CPU.ActiveCfg = Release|Any CPU
		{3B2D3547-45E5-4CF3-8BE6-BF48421535C6}.Release|Any CPU.Build.0 = Release|Any CPU
	EndGlobalSection
EndGlobal
